
Microsoft Visual Studio Solution File, Format Version 12.00
# Visual Studio Version 16
VisualStudioVersion = 16.0.809.10
MinimumVisualStudioVersion = 10.0.40219.1
Project("{FAE04EC0-301F-11D3-BF4B-00C04F79EFBC}") = "PWeb.Server", "PWeb\Server\PWeb.Server.csproj", "{3EB893CD-1FB5-436C-ADB0-3035B9645391}"
EndProject
Project("{FAE04EC0-301F-11D3-BF4B-00C04F79EFBC}") = "PWeb.Client", "PWeb\Client\PWeb.Client.csproj", "{57FFC6AB-69F0-4356-AFB2-1B06B463D775}"
EndProject
Project("{FAE04EC0-301F-11D3-BF4B-00C04F79EFBC}") = "PWeb.Shared", "PWeb\Shared\PWeb.Shared.csproj", "{5E19870F-018E-4F3A-98ED-81133DE56D13}"
EndProject
Global
	GlobalSection(SolutionConfigurationPlatforms) = preSolution
		Debug|Any CPU = Debug|Any CPU
		Release|Any CPU = Release|Any CPU
	EndGlobalSection
	GlobalSection(ProjectConfigurationPlatforms) = postSolution
		{3EB893CD-1FB5-436C-ADB0-3035B9645391}.Debug|Any CPU.ActiveCfg = Debug|Any CPU
		{3EB893CD-1FB5-436C-ADB0-3035B9645391}.Debug|Any CPU.Build.0 = Debug|Any CPU
		{3EB893CD-1FB5-436C-ADB0-3035B9645391}.Release|Any CPU.ActiveCfg = Release|Any CPU
		{3EB893CD-1FB5-436C-ADB0-3035B9645391}.Release|Any CPU.Build.0 = Release|Any CPU
		{57FFC6AB-69F0-4356-AFB2-1B06B463D775}.Debug|Any CPU.ActiveCfg = Debug|Any CPU
		{57FFC6AB-69F0-4356-AFB2-1B06B463D775}.Debug|Any CPU.Build.0 = Debug|Any CPU
		{57FFC6AB-69F0-4356-AFB2-1B06B463D775}.Release|Any CPU.ActiveCfg = Release|Any CPU
		{57FFC6AB-69F0-4356-AFB2-1B06B463D775}.Release|Any CPU.Build.0 = Release|Any CPU
		{5E19870F-018E-4F3A-98ED-81133DE56D13}.Debug|Any CPU.ActiveCfg = Debug|Any CPU
		{5E19870F-018E-4F3A-98ED-81133DE56D13}.Debug|Any CPU.Build.0 = Debug|Any CPU
		{5E19870F-018E-4F3A-98ED-81133DE56D13}.Release|Any CPU.ActiveCfg = Release|Any CPU
		{5E19870F-018E-4F3A-98ED-81133DE56D13}.Release|Any CPU.Build.0 = Release|Any CPU
	EndGlobalSection
	GlobalSection(SolutionProperties) = preSolution
		HideSolutionNode = FALSE
	EndGlobalSection
	GlobalSection(ExtensibilityGlobals) = postSolution
		SolutionGuid = {46989FE5-FDE1-4B33-B08C-D45EF4412895}
	EndGlobalSection
EndGlobal
